// !$*UTF8*$!
{
	archiveVersion = 1;
	classes = {
	};
	objectVersion = 46;
	objects = {

/* Begin PBXBuildFile section */
		5119610D11D225FA00DE67CF /* Magazine.tests.c in Sources */ = {isa = PBXBuildFile; fileRef = 511960B111D211D100DE67CF /* Magazine.tests.c */; };
		5119610E11D225FB00DE67CF /* Pool.tests.c in Sources */ = {isa = PBXBuildFile; fileRef = 511960B611D211D100DE67CF /* Pool.tests.c */; };
		5119610F11D2260000DE67CF /* Thread.tests.c in Sources */ = {isa = PBXBuildFile; fileRef = 511960BA11D211D100DE67CF /* Thread.tests.c */; };
		5119611011D2260100DE67CF /* Paws.tests.c in Sources */ = {isa = PBXBuildFile; fileRef = 511960C111D211D100DE67CF /* Paws.tests.c */; };
		5119611111D2260200DE67CF /* execution.tests.c in Sources */ = {isa = PBXBuildFile; fileRef = 511960C611D211D100DE67CF /* execution.tests.c */; };
		5119611211D2260400DE67CF /* list.tests.c in Sources */ = {isa = PBXBuildFile; fileRef = 511960CA11D211D100DE67CF /* list.tests.c */; };
		5119611311D2260400DE67CF /* ll.tests.c in Sources */ = {isa = PBXBuildFile; fileRef = 511960CD11D211D100DE67CF /* ll.tests.c */; };
		5119611411D2260500DE67CF /* numeric.tests.c in Sources */ = {isa = PBXBuildFile; fileRef = 511960D111D211D100DE67CF /* numeric.tests.c */; };
		5119611511D2260700DE67CF /* ast.tests.c in Sources */ = {isa = PBXBuildFile; fileRef = 511960D511D211D100DE67CF /* ast.tests.c */; };
		5119611611D2260700DE67CF /* routine.tests.c in Sources */ = {isa = PBXBuildFile; fileRef = 511960D811D211D100DE67CF /* routine.tests.c */; };
		5119611711D2260800DE67CF /* string.tests.c in Sources */ = {isa = PBXBuildFile; fileRef = 511960DC11D211D100DE67CF /* string.tests.c */; };
		5119611E11D22AFF00DE67CF /* Cest.c in Sources */ = {isa = PBXBuildFile; fileRef = 5119611C11D22AFF00DE67CF /* Cest.c */; };
		5119612A11D22B1900DE67CF /* Threading.c in Sources */ = {isa = PBXBuildFile; fileRef = 511960BB11D211D100DE67CF /* Threading.c */; };
		51B5349A11D5BA0E00A0EBD8 /* Unit.tests.c in Sources */ = {isa = PBXBuildFile; fileRef = 51B5349811D5BA0E00A0EBD8 /* Unit.tests.c */; };
/* End PBXBuildFile section */

/* Begin PBXFileReference section */
		511960AF11D211D100DE67CF /* Magazine.c */ = {isa = PBXFileReference; fileEncoding = 4; lastKnownFileType = sourcecode.c.c; path = Magazine.c; sourceTree = "<group>"; };
		511960B011D211D100DE67CF /* Magazine.h */ = {isa = PBXFileReference; fileEncoding = 4; lastKnownFileType = sourcecode.c.h; path = Magazine.h; sourceTree = "<group>"; };
		511960B111D211D100DE67CF /* Magazine.tests.c */ = {isa = PBXFileReference; fileEncoding = 4; lastKnownFileType = sourcecode.c.c; path = Magazine.tests.c; sourceTree = "<group>"; };
		511960B411D211D100DE67CF /* Pool.c */ = {isa = PBXFileReference; fileEncoding = 4; lastKnownFileType = sourcecode.c.c; path = Pool.c; sourceTree = "<group>"; };
		511960B511D211D100DE67CF /* Pool.h */ = {isa = PBXFileReference; fileEncoding = 4; lastKnownFileType = sourcecode.c.h; path = Pool.h; sourceTree = "<group>"; };
		511960B611D211D100DE67CF /* Pool.tests.c */ = {isa = PBXFileReference; fileEncoding = 4; lastKnownFileType = sourcecode.c.c; path = Pool.tests.c; sourceTree = "<group>"; };
		511960B811D211D100DE67CF /* Thread.c */ = {isa = PBXFileReference; fileEncoding = 4; lastKnownFileType = sourcecode.c.c; path = Thread.c; sourceTree = "<group>"; };
		511960B911D211D100DE67CF /* Thread.h */ = {isa = PBXFileReference; fileEncoding = 4; lastKnownFileType = sourcecode.c.h; path = Thread.h; sourceTree = "<group>"; };
		511960BA11D211D100DE67CF /* Thread.tests.c */ = {isa = PBXFileReference; fileEncoding = 4; lastKnownFileType = sourcecode.c.c; path = Thread.tests.c; sourceTree = "<group>"; };
		511960BB11D211D100DE67CF /* Threading.c */ = {isa = PBXFileReference; fileEncoding = 4; lastKnownFileType = sourcecode.c.c; path = Threading.c; sourceTree = "<group>"; };
		511960BC11D211D100DE67CF /* Threading.h */ = {isa = PBXFileReference; fileEncoding = 4; lastKnownFileType = sourcecode.c.h; path = Threading.h; sourceTree = "<group>"; };
		511960BD11D211D100DE67CF /* Core.h */ = {isa = PBXFileReference; fileEncoding = 4; lastKnownFileType = sourcecode.c.h; name = Core.h; path = Source/Paws.o/Core.h; sourceTree = "<group>"; };
		511960BE11D211D100DE67CF /* Paws.c */ = {isa = PBXFileReference; fileEncoding = 4; lastKnownFileType = sourcecode.c.c; name = Paws.c; path = Source/Paws.o/Paws.c; sourceTree = "<group>"; };
		511960BF11D211D100DE67CF /* Paws.h */ = {isa = PBXFileReference; fileEncoding = 4; lastKnownFileType = sourcecode.c.h; name = Paws.h; path = Source/Paws.o/Paws.h; sourceTree = "<group>"; };
		511960C011D211D100DE67CF /* Paws.o.c */ = {isa = PBXFileReference; fileEncoding = 4; lastKnownFileType = sourcecode.c.c; name = Paws.o.c; path = Source/Paws.o/Paws.o.c; sourceTree = "<group>"; };
		511960C111D211D100DE67CF /* Paws.tests.c */ = {isa = PBXFileReference; fileEncoding = 4; lastKnownFileType = sourcecode.c.c; name = Paws.tests.c; path = Source/Paws.o/Paws.tests.c; sourceTree = "<group>"; };
		511960C411D211D100DE67CF /* execution.c */ = {isa = PBXFileReference; fileEncoding = 4; lastKnownFileType = sourcecode.c.c; path = execution.c; sourceTree = "<group>"; };
		511960C511D211D100DE67CF /* execution.h */ = {isa = PBXFileReference; fileEncoding = 4; lastKnownFileType = sourcecode.c.h; path = execution.h; sourceTree = "<group>"; };
		511960C611D211D100DE67CF /* execution.tests.c */ = {isa = PBXFileReference; fileEncoding = 4; lastKnownFileType = sourcecode.c.c; path = execution.tests.c; sourceTree = "<group>"; };
		511960C811D211D100DE67CF /* list.c */ = {isa = PBXFileReference; fileEncoding = 4; lastKnownFileType = sourcecode.c.c; path = list.c; sourceTree = "<group>"; };
		511960C911D211D100DE67CF /* list.h */ = {isa = PBXFileReference; fileEncoding = 4; lastKnownFileType = sourcecode.c.h; path = list.h; sourceTree = "<group>"; };
		511960CA11D211D100DE67CF /* list.tests.c */ = {isa = PBXFileReference; fileEncoding = 4; lastKnownFileType = sourcecode.c.c; path = list.tests.c; sourceTree = "<group>"; };
		511960CB11D211D100DE67CF /* ll.c */ = {isa = PBXFileReference; fileEncoding = 4; lastKnownFileType = sourcecode.c.c; path = ll.c; sourceTree = "<group>"; };
		511960CC11D211D100DE67CF /* ll.h */ = {isa = PBXFileReference; fileEncoding = 4; lastKnownFileType = sourcecode.c.h; path = ll.h; sourceTree = "<group>"; };
		511960CD11D211D100DE67CF /* ll.tests.c */ = {isa = PBXFileReference; fileEncoding = 4; lastKnownFileType = sourcecode.c.c; path = ll.tests.c; sourceTree = "<group>"; };
		511960CF11D211D100DE67CF /* numeric.c */ = {isa = PBXFileReference; fileEncoding = 4; lastKnownFileType = sourcecode.c.c; path = numeric.c; sourceTree = "<group>"; };
		511960D011D211D100DE67CF /* numeric.h */ = {isa = PBXFileReference; fileEncoding = 4; lastKnownFileType = sourcecode.c.h; path = numeric.h; sourceTree = "<group>"; };
		511960D111D211D100DE67CF /* numeric.tests.c */ = {isa = PBXFileReference; fileEncoding = 4; lastKnownFileType = sourcecode.c.c; path = numeric.tests.c; sourceTree = "<group>"; };
		511960D311D211D100DE67CF /* ast.c */ = {isa = PBXFileReference; fileEncoding = 4; lastKnownFileType = sourcecode.c.c; path = ast.c; sourceTree = "<group>"; };
		511960D411D211D100DE67CF /* ast.h */ = {isa = PBXFileReference; fileEncoding = 4; lastKnownFileType = sourcecode.c.h; path = ast.h; sourceTree = "<group>"; };
		511960D511D211D100DE67CF /* ast.tests.c */ = {isa = PBXFileReference; fileEncoding = 4; lastKnownFileType = sourcecode.c.c; path = ast.tests.c; sourceTree = "<group>"; };
		511960D611D211D100DE67CF /* routine.c */ = {isa = PBXFileReference; fileEncoding = 4; lastKnownFileType = sourcecode.c.c; path = routine.c; sourceTree = "<group>"; };
		511960D711D211D100DE67CF /* routine.h */ = {isa = PBXFileReference; fileEncoding = 4; lastKnownFileType = sourcecode.c.h; path = routine.h; sourceTree = "<group>"; };
		511960D811D211D100DE67CF /* routine.tests.c */ = {isa = PBXFileReference; fileEncoding = 4; lastKnownFileType = sourcecode.c.c; path = routine.tests.c; sourceTree = "<group>"; };
		511960DA11D211D100DE67CF /* string.c */ = {isa = PBXFileReference; fileEncoding = 4; lastKnownFileType = sourcecode.c.c; path = string.c; sourceTree = "<group>"; };
		511960DB11D211D100DE67CF /* string.h */ = {isa = PBXFileReference; fileEncoding = 4; lastKnownFileType = sourcecode.c.h; path = string.h; sourceTree = "<group>"; };
		511960DC11D211D100DE67CF /* string.tests.c */ = {isa = PBXFileReference; fileEncoding = 4; lastKnownFileType = sourcecode.c.c; path = string.tests.c; sourceTree = "<group>"; };
		511960DD11D211D100DE67CF /* Types.h */ = {isa = PBXFileReference; fileEncoding = 4; lastKnownFileType = sourcecode.c.h; path = Types.h; sourceTree = "<group>"; };
		511960F511D219B500DE67CF /* Tests */ = {isa = PBXFileReference; explicitFileType = "compiled.mach-o.executable"; includeInIndex = 0; path = Tests; sourceTree = BUILT_PRODUCTS_DIR; };
		5119611C11D22AFF00DE67CF /* Cest.c */ = {isa = PBXFileReference; fileEncoding = 4; lastKnownFileType = sourcecode.c.c; name = Cest.c; path = Source/Cest.c; sourceTree = "<group>"; };
		5119611D11D22AFF00DE67CF /* Cest.h */ = {isa = PBXFileReference; fileEncoding = 4; lastKnownFileType = sourcecode.c.h; name = Cest.h; path = Source/Cest.h; sourceTree = "<group>"; };
		51B5349611D5BA0E00A0EBD8 /* Unit.c */ = {isa = PBXFileReference; fileEncoding = 4; lastKnownFileType = sourcecode.c.c; path = Unit.c; sourceTree = "<group>"; };
		51B5349711D5BA0E00A0EBD8 /* Unit.h */ = {isa = PBXFileReference; fileEncoding = 4; lastKnownFileType = sourcecode.c.h; path = Unit.h; sourceTree = "<group>"; };
		51B5349811D5BA0E00A0EBD8 /* Unit.tests.c */ = {isa = PBXFileReference; fileEncoding = 4; lastKnownFileType = sourcecode.c.c; path = Unit.tests.c; sourceTree = "<group>"; };
/* End PBXFileReference section */

/* Begin PBXFrameworksBuildPhase section */
		511960F311D219B500DE67CF /* Frameworks */ = {
			isa = PBXFrameworksBuildPhase;
			buildActionMask = 2147483647;
			files = (
			);
			runOnlyForDeploymentPostprocessing = 0;
		};
/* End PBXFrameworksBuildPhase section */

/* Begin PBXGroup section */
		08FB7794FE84155DC02AAC07 /* Paws.o */ = {
			isa = PBXGroup;
			children = (
				5119611C11D22AFF00DE67CF /* Cest.c */,
				5119611D11D22AFF00DE67CF /* Cest.h */,
				511960AC11D2119D00DE67CF /* Source */,
				5119603B11D2103000DE67CF /* Products */,
			);
			name = Paws.o;
			sourceTree = "<group>";
		};
		5119603B11D2103000DE67CF /* Products */ = {
			isa = PBXGroup;
			children = (
				511960F511D219B500DE67CF /* Tests */,
			);
			name = Products;
			sourceTree = "<group>";
		};
		511960AC11D2119D00DE67CF /* Source */ = {
			isa = PBXGroup;
			children = (
				511960AD11D211D100DE67CF /* Ancillary */,
				511960BD11D211D100DE67CF /* Core.h */,
				511960BE11D211D100DE67CF /* Paws.c */,
				511960BF11D211D100DE67CF /* Paws.h */,
				511960C011D211D100DE67CF /* Paws.o.c */,
				511960C111D211D100DE67CF /* Paws.tests.c */,
				511960C211D211D100DE67CF /* Types */,
			);
			name = Source;
			sourceTree = "<group>";
		};
		511960AD11D211D100DE67CF /* Ancillary */ = {
			isa = PBXGroup;
			children = (
				511960AE11D211D100DE67CF /* Magazine */,
				511960B211D211D100DE67CF /* Threading */,
				51B5349511D5BA0E00A0EBD8 /* Unit */,
			);
			name = Ancillary;
			path = Source/Paws.o/Ancillary;
			sourceTree = "<group>";
		};
		511960AE11D211D100DE67CF /* Magazine */ = {
			isa = PBXGroup;
			children = (
				511960AF11D211D100DE67CF /* Magazine.c */,
				511960B011D211D100DE67CF /* Magazine.h */,
				511960B111D211D100DE67CF /* Magazine.tests.c */,
			);
			path = Magazine;
			sourceTree = "<group>";
		};
		511960B211D211D100DE67CF /* Threading */ = {
			isa = PBXGroup;
			children = (
				511960B311D211D100DE67CF /* Pool */,
				511960B711D211D100DE67CF /* Thread */,
				511960BB11D211D100DE67CF /* Threading.c */,
				511960BC11D211D100DE67CF /* Threading.h */,
			);
			path = Threading;
			sourceTree = "<group>";
		};
		511960B311D211D100DE67CF /* Pool */ = {
			isa = PBXGroup;
			children = (
				511960B411D211D100DE67CF /* Pool.c */,
				511960B511D211D100DE67CF /* Pool.h */,
				511960B611D211D100DE67CF /* Pool.tests.c */,
			);
			path = Pool;
			sourceTree = "<group>";
		};
		511960B711D211D100DE67CF /* Thread */ = {
			isa = PBXGroup;
			children = (
				511960B811D211D100DE67CF /* Thread.c */,
				511960B911D211D100DE67CF /* Thread.h */,
				511960BA11D211D100DE67CF /* Thread.tests.c */,
			);
			path = Thread;
			sourceTree = "<group>";
		};
		511960C211D211D100DE67CF /* Types */ = {
			isa = PBXGroup;
			children = (
				511960C311D211D100DE67CF /* execution */,
				511960C711D211D100DE67CF /* list */,
				511960CE11D211D100DE67CF /* numeric */,
				511960D211D211D100DE67CF /* routine */,
				511960D911D211D100DE67CF /* string */,
				511960DD11D211D100DE67CF /* Types.h */,
			);
			name = Types;
			path = Source/Paws.o/Types;
			sourceTree = "<group>";
		};
		511960C311D211D100DE67CF /* execution */ = {
			isa = PBXGroup;
			children = (
				511960C411D211D100DE67CF /* execution.c */,
				511960C511D211D100DE67CF /* execution.h */,
				511960C611D211D100DE67CF /* execution.tests.c */,
			);
			path = execution;
			sourceTree = "<group>";
		};
		511960C711D211D100DE67CF /* list */ = {
			isa = PBXGroup;
			children = (
				511960C811D211D100DE67CF /* list.c */,
				511960C911D211D100DE67CF /* list.h */,
				511960CA11D211D100DE67CF /* list.tests.c */,
				511960CB11D211D100DE67CF /* ll.c */,
				511960CC11D211D100DE67CF /* ll.h */,
				511960CD11D211D100DE67CF /* ll.tests.c */,
			);
			path = list;
			sourceTree = "<group>";
		};
		511960CE11D211D100DE67CF /* numeric */ = {
			isa = PBXGroup;
			children = (
				511960CF11D211D100DE67CF /* numeric.c */,
				511960D011D211D100DE67CF /* numeric.h */,
				511960D111D211D100DE67CF /* numeric.tests.c */,
			);
			path = numeric;
			sourceTree = "<group>";
		};
		511960D211D211D100DE67CF /* routine */ = {
			isa = PBXGroup;
			children = (
				511960D311D211D100DE67CF /* ast.c */,
				511960D411D211D100DE67CF /* ast.h */,
				511960D511D211D100DE67CF /* ast.tests.c */,
				511960D611D211D100DE67CF /* routine.c */,
				511960D711D211D100DE67CF /* routine.h */,
				511960D811D211D100DE67CF /* routine.tests.c */,
			);
			path = routine;
			sourceTree = "<group>";
		};
		511960D911D211D100DE67CF /* string */ = {
			isa = PBXGroup;
			children = (
				511960DA11D211D100DE67CF /* string.c */,
				511960DB11D211D100DE67CF /* string.h */,
				511960DC11D211D100DE67CF /* string.tests.c */,
			);
			path = string;
			sourceTree = "<group>";
		};
		51B5349511D5BA0E00A0EBD8 /* Unit */ = {
			isa = PBXGroup;
			children = (
				51B5349611D5BA0E00A0EBD8 /* Unit.c */,
				51B5349711D5BA0E00A0EBD8 /* Unit.h */,
				51B5349811D5BA0E00A0EBD8 /* Unit.tests.c */,
			);
			path = Unit;
			sourceTree = "<group>";
		};
/* End PBXGroup section */

/* Begin PBXNativeTarget section */
		511960F411D219B500DE67CF /* Tests */ = {
			isa = PBXNativeTarget;
			buildConfigurationList = 511960FC11D219C900DE67CF /* Build configuration list for PBXNativeTarget "Tests" */;
			buildPhases = (
				511960F211D219B500DE67CF /* Sources */,
				511960F311D219B500DE67CF /* Frameworks */,
			);
			buildRules = (
			);
			dependencies = (
			);
			name = Tests;
			productName = Tests;
			productReference = 511960F511D219B500DE67CF /* Tests */;
			productType = "com.apple.product-type.tool";
		};
/* End PBXNativeTarget section */

/* Begin PBXProject section */
		08FB7793FE84155DC02AAC07 /* Project object */ = {
			isa = PBXProject;
			attributes = {
				BuildIndependentTargetsInParallel = YES;
			};
			buildConfigurationList = 1DEB919308733D9F0010E9CD /* Build configuration list for PBXProject "Paws.o" */;
			compatibilityVersion = "Xcode 3.2";
			hasScannedForEncodings = 1;
			mainGroup = 08FB7794FE84155DC02AAC07 /* Paws.o */;
			productRefGroup = 5119603B11D2103000DE67CF /* Products */;
			projectDirPath = "";
			projectRoot = "";
			targets = (
				511960F411D219B500DE67CF /* Tests */,
			);
		};
/* End PBXProject section */

/* Begin PBXSourcesBuildPhase section */
		511960F211D219B500DE67CF /* Sources */ = {
			isa = PBXSourcesBuildPhase;
			buildActionMask = 2147483647;
			files = (
				5119611E11D22AFF00DE67CF /* Cest.c in Sources */,
				5119612A11D22B1900DE67CF /* Threading.c in Sources */,
				5119610E11D225FB00DE67CF /* Pool.tests.c in Sources */,
				5119610F11D2260000DE67CF /* Thread.tests.c in Sources */,
				5119610D11D225FA00DE67CF /* Magazine.tests.c in Sources */,
				51B5349A11D5BA0E00A0EBD8 /* Unit.tests.c in Sources */,
				5119611311D2260400DE67CF /* ll.tests.c in Sources */,
				5119611211D2260400DE67CF /* list.tests.c in Sources */,
				5119611511D2260700DE67CF /* ast.tests.c in Sources */,
				5119611611D2260700DE67CF /* routine.tests.c in Sources */,
				5119611111D2260200DE67CF /* execution.tests.c in Sources */,
				5119611411D2260500DE67CF /* numeric.tests.c in Sources */,
				5119611711D2260800DE67CF /* string.tests.c in Sources */,
				5119611011D2260100DE67CF /* Paws.tests.c in Sources */,
			);
			runOnlyForDeploymentPostprocessing = 0;
		};
/* End PBXSourcesBuildPhase section */

/* Begin XCBuildConfiguration section */
		1DEB919408733D9F0010E9CD /* Debug */ = {
			isa = XCBuildConfiguration;
			buildSettings = {
				ARCHS = "$(ARCHS_STANDARD_32_BIT)";
				GCC_C_LANGUAGE_STANDARD = c99;
				GCC_DEBUGGING_SYMBOLS = full;
				GCC_ENABLE_FIX_AND_CONTINUE = YES;
				GCC_FAST_OBJC_DISPATCH = NO;
				GCC_GENERATE_TEST_COVERAGE_FILES = YES;
				GCC_ONE_BYTE_BOOL = YES;
				GCC_OPTIMIZATION_LEVEL = 0;
				GCC_SHORT_ENUMS = NO;
				GCC_TREAT_IMPLICIT_FUNCTION_DECLARATIONS_AS_ERRORS = YES;
				GCC_VERSION = com.apple.compilers.llvm.clang.1_0;
				GCC_WARN_64_TO_32_BIT_CONVERSION = NO;
				GCC_WARN_ABOUT_MISSING_NEWLINE = YES;
				GCC_WARN_ABOUT_RETURN_TYPE = YES;
				GCC_WARN_CHECK_SWITCH_STATEMENTS = YES;
				GCC_WARN_FOUR_CHARACTER_CONSTANTS = YES;
				GCC_WARN_INITIALIZER_NOT_FULLY_BRACKETED = NO;
				GCC_WARN_MISSING_PARENTHESES = YES;
				GCC_WARN_PEDANTIC = YES;
				GCC_WARN_SHADOW = YES;
				GCC_WARN_SIGN_COMPARE = YES;
				GCC_WARN_UNINITIALIZED_AUTOS = NO;
				GCC_WARN_UNUSED_FUNCTION = YES;
				GCC_WARN_UNUSED_LABEL = YES;
				GCC_WARN_UNUSED_PARAMETER = YES;
				GCC_WARN_UNUSED_VALUE = YES;
				GCC_WARN_UNUSED_VARIABLE = YES;
				ONLY_ACTIVE_ARCH = YES;
				PREBINDING = NO;
				RUN_CLANG_STATIC_ANALYZER = YES;
				SCAN_ALL_SOURCE_FILES_FOR_INCLUDES = YES;
				SDKROOT = macosx10.5;
				USER_HEADER_SEARCH_PATHS = Source;
				VALIDATE_PRODUCT = YES;
			};
			name = Debug;
		};
		1DEB919508733D9F0010E9CD /* Release */ = {
			isa = XCBuildConfiguration;
			buildSettings = {
				ARCHS = "$(ARCHS_STANDARD_32_BIT)";
				GCC_AUTO_VECTORIZATION = YES;
				GCC_C_LANGUAGE_STANDARD = c99;
				GCC_ENABLE_SSE3_EXTENSIONS = YES;
				GCC_ENABLE_SSE41_EXTENSIONS = YES;
				GCC_ENABLE_SSE42_EXTENSIONS = YES;
				GCC_ENABLE_SUPPLEMENTAL_SSE3_INSTRUCTIONS = YES;
				GCC_GENERATE_DEBUGGING_SYMBOLS = NO;
				GCC_ONE_BYTE_BOOL = YES;
				GCC_OPTIMIZATION_LEVEL = 3;
				GCC_SHORT_ENUMS = YES;
				GCC_STRICT_ALIASING = YES;
				GCC_TREAT_IMPLICIT_FUNCTION_DECLARATIONS_AS_ERRORS = YES;
				GCC_UNROLL_LOOPS = YES;
				GCC_VERSION = com.apple.compilers.llvm.clang.1_0;
				GCC_WARN_64_TO_32_BIT_CONVERSION = NO;
				GCC_WARN_ABOUT_MISSING_NEWLINE = YES;
				GCC_WARN_ABOUT_RETURN_TYPE = YES;
				GCC_WARN_CHECK_SWITCH_STATEMENTS = YES;
				GCC_WARN_FOUR_CHARACTER_CONSTANTS = YES;
				GCC_WARN_INITIALIZER_NOT_FULLY_BRACKETED = NO;
				GCC_WARN_MISSING_PARENTHESES = YES;
				GCC_WARN_PEDANTIC = YES;
				GCC_WARN_SHADOW = YES;
				GCC_WARN_SIGN_COMPARE = YES;
				GCC_WARN_UNINITIALIZED_AUTOS = YES;
				GCC_WARN_UNUSED_FUNCTION = YES;
				GCC_WARN_UNUSED_LABEL = YES;
				GCC_WARN_UNUSED_PARAMETER = YES;
				GCC_WARN_UNUSED_VALUE = YES;
				GCC_WARN_UNUSED_VARIABLE = YES;
				LLVM_LTO = YES;
				PREBINDING = NO;
				RUN_CLANG_STATIC_ANALYZER = YES;
				SCAN_ALL_SOURCE_FILES_FOR_INCLUDES = YES;
				SDKROOT = macosx10.5;
				USER_HEADER_SEARCH_PATHS = Source;
				VALIDATE_PRODUCT = YES;
			};
			name = Release;
		};
		511960F711D219B500DE67CF /* Debug */ = {
			isa = XCBuildConfiguration;
			buildSettings = {
				ALWAYS_SEARCH_USER_PATHS = NO;
				COPY_PHASE_STRIP = NO;
				GCC_DYNAMIC_NO_PIC = NO;
				GCC_ENABLE_FIX_AND_CONTINUE = YES;
				GCC_MODEL_TUNING = G5;
				GCC_OPTIMIZATION_LEVEL = 0;
				INSTALL_PATH = /usr/local/bin;
				PREBINDING = NO;
				PRODUCT_NAME = Tests;
			};
			name = Debug;
		};
		511960F811D219B500DE67CF /* Release */ = {
			isa = XCBuildConfiguration;
			buildSettings = {
				ALWAYS_SEARCH_USER_PATHS = NO;
				COPY_PHASE_STRIP = YES;
				DEBUG_INFORMATION_FORMAT = "dwarf-with-dsym";
				GCC_ENABLE_FIX_AND_CONTINUE = NO;
				GCC_MODEL_TUNING = G5;
				INSTALL_PATH = /usr/local/bin;
				PREBINDING = NO;
				PRODUCT_NAME = Tests;
				ZERO_LINK = NO;
			};
			name = Release;
		};
/* End XCBuildConfiguration section */

/* Begin XCConfigurationList section */
		1DEB919308733D9F0010E9CD /* Build configuration list for PBXProject "Paws.o" */ = {
			isa = XCConfigurationList;
			buildConfigurations = (
				1DEB919408733D9F0010E9CD /* Debug */,
				1DEB919508733D9F0010E9CD /* Release */,
			);
			defaultConfigurationIsVisible = 0;
			defaultConfigurationName = Release;
		};
		511960FC11D219C900DE67CF /* Build configuration list for PBXNativeTarget "Tests" */ = {
			isa = XCConfigurationList;
			buildConfigurations = (
				511960F711D219B500DE67CF /* Debug */,
				511960F811D219B500DE67CF /* Release */,
			);
			defaultConfigurationIsVisible = 0;
			defaultConfigurationName = Release;
		};
/* End XCConfigurationList section */
	};
	rootObject = 08FB7793FE84155DC02AAC07 /* Project object */;
}
